
Microsoft Visual Studio Solution File, Format Version 12.00
# Visual Studio Version 16
VisualStudioVersion = 16.0.31613.86
MinimumVisualStudioVersion = 10.0.40219.1
Project("{FAE04EC0-301F-11D3-BF4B-00C04F79EFBC}") = "GoldResumePage", "GoldResumePage.Core\GoldResumePage.csproj", "{241C8E91-3732-4342-B75C-88828BB47FFB}"
EndProject
Global
	GlobalSection(SolutionConfigurationPlatforms) = preSolution
		Debug|Any CPU = Debug|Any CPU
		Release|Any CPU = Release|Any CPU
	EndGlobalSection
	GlobalSection(ProjectConfigurationPlatforms) = postSolution
		{241C8E91-3732-4342-B75C-88828BB47FFB}.Debug|Any CPU.ActiveCfg = Debug|Any CPU
		{241C8E91-3732-4342-B75C-88828BB47FFB}.Debug|Any CPU.Build.0 = Debug|Any CPU
		{241C8E91-3732-4342-B75C-88828BB47FFB}.Release|Any CPU.ActiveCfg = Release|Any CPU
		{241C8E91-3732-4342-B75C-88828BB47FFB}.Release|Any CPU.Build.0 = Release|Any CPU
	EndGlobalSection
	GlobalSection(SolutionProperties) = preSolution
		HideSolutionNode = FALSE
	EndGlobalSection
	GlobalSection(ExtensibilityGlobals) = postSolution
		SolutionGuid = {19CCEDB3-50DF-46C1-B005-A202F18FF187}
	EndGlobalSection
EndGlobal
